
Microsoft Visual Studio Solution File, Format Version 12.00
# Visual Studio Version 17
VisualStudioVersion = 17.14.37012.4 d17.14
MinimumVisualStudioVersion = 10.0.40219.1
Project("{FAE04EC0-301F-11D3-BF4B-00C04F79EFBC}") = "TIA1", "TIA1\TIA1.csproj", "{8C8724C8-F30A-40C9-A5FD-49534C71CECF}"
EndProject
Global
	GlobalSection(SolutionConfigurationPlatforms) = preSolution
		Debug|Any CPU = Debug|Any CPU
		Release|Any CPU = Release|Any CPU
	EndGlobalSection
	GlobalSection(ProjectConfigurationPlatforms) = postSolution
		{8C8724C8-F30A-40C9-A5FD-49534C71CECF}.Debug|Any CPU.ActiveCfg = Debug|Any CPU
		{8C8724C8-F30A-40C9-A5FD-49534C71CECF}.Debug|Any CPU.Build.0 = Debug|Any CPU
		{8C8724C8-F30A-40C9-A5FD-49534C71CECF}.Release|Any CPU.ActiveCfg = Release|Any CPU
		{8C8724C8-F30A-40C9-A5FD-49534C71CECF}.Release|Any CPU.Build.0 = Release|Any CPU
	EndGlobalSection
	GlobalSection(SolutionProperties) = preSolution
		HideSolutionNode = FALSE
	EndGlobalSection
	GlobalSection(ExtensibilityGlobals) = postSolution
		SolutionGuid = {7862EDC6-365D-4250-BABA-78506CE4820D}
	EndGlobalSection
EndGlobal
